
Microsoft Visual Studio Solution File, Format Version 12.00
# Visual Studio Version 17
VisualStudioVersion = 17.5.33530.505
MinimumVisualStudioVersion = 10.0.40219.1
Project("{FAE04EC0-301F-11D3-BF4B-00C04F79EFBC}") = "projAPI_Andre_Turismo", "projAPI_Andre_Turismo\projAPI_Andre_Turismo.csproj", "{B1DC4498-1D86-4F6F-B785-B75336D3A68C}"
EndProject
Project("{FAE04EC0-301F-11D3-BF4B-00C04F79EFBC}") = "Models", "Models\Models.csproj", "{B2EC040D-3210-41AE-A20E-763A34D308D1}"
EndProject
Global
	GlobalSection(SolutionConfigurationPlatforms) = preSolution
		Debug|Any CPU = Debug|Any CPU
		Release|Any CPU = Release|Any CPU
	EndGlobalSection
	GlobalSection(ProjectConfigurationPlatforms) = postSolution
		{B1DC4498-1D86-4F6F-B785-B75336D3A68C}.Debug|Any CPU.ActiveCfg = Debug|Any CPU
		{B1DC4498-1D86-4F6F-B785-B75336D3A68C}.Debug|Any CPU.Build.0 = Debug|Any CPU
		{B1DC4498-1D86-4F6F-B785-B75336D3A68C}.Release|Any CPU.ActiveCfg = Release|Any CPU
		{B1DC4498-1D86-4F6F-B785-B75336D3A68C}.Release|Any CPU.Build.0 = Release|Any CPU
		{B2EC040D-3210-41AE-A20E-763A34D308D1}.Debug|Any CPU.ActiveCfg = Debug|Any CPU
		{B2EC040D-3210-41AE-A20E-763A34D308D1}.Debug|Any CPU.Build.0 = Debug|Any CPU
		{B2EC040D-3210-41AE-A20E-763A34D308D1}.Release|Any CPU.ActiveCfg = Release|Any CPU
		{B2EC040D-3210-41AE-A20E-763A34D308D1}.Release|Any CPU.Build.0 = Release|Any CPU
	EndGlobalSection
	GlobalSection(SolutionProperties) = preSolution
		HideSolutionNode = FALSE
	EndGlobalSection
	GlobalSection(ExtensibilityGlobals) = postSolution
		SolutionGuid = {799B0ADD-53F8-4DB4-827F-4B20D646F232}
	EndGlobalSection
EndGlobal
